
Microsoft Visual Studio Solution File, Format Version 12.00
# Visual Studio Version 16
VisualStudioVersion = 16.0.29418.71
MinimumVisualStudioVersion = 10.0.40219.1
Project("{FAE04EC0-301F-11D3-BF4B-00C04F79EFBC}") = "Oaww.BaseBusiness", "Oaww.BaseBusiness.csproj", "{F613D78C-1B1C-4691-A522-F109EC877B8E}"
EndProject
Global
	GlobalSection(SolutionConfigurationPlatforms) = preSolution
		Debug|Any CPU = Debug|Any CPU
		Release|Any CPU = Release|Any CPU
	EndGlobalSection
	GlobalSection(ProjectConfigurationPlatforms) = postSolution
		{F613D78C-1B1C-4691-A522-F109EC877B8E}.Debug|Any CPU.ActiveCfg = Debug|Any CPU
		{F613D78C-1B1C-4691-A522-F109EC877B8E}.Debug|Any CPU.Build.0 = Debug|Any CPU
		{F613D78C-1B1C-4691-A522-F109EC877B8E}.Release|Any CPU.ActiveCfg = Release|Any CPU
		{F613D78C-1B1C-4691-A522-F109EC877B8E}.Release|Any CPU.Build.0 = Release|Any CPU
	EndGlobalSection
	GlobalSection(SolutionProperties) = preSolution
		HideSolutionNode = FALSE
	EndGlobalSection
	GlobalSection(ExtensibilityGlobals) = postSolution
		SolutionGuid = {F285F685-0DE0-4CBC-B450-9C30909DF196}
	EndGlobalSection
EndGlobal
