
Microsoft Visual Studio Solution File, Format Version 12.00
# Visual Studio Version 16
VisualStudioVersion = 16.0.29728.190
MinimumVisualStudioVersion = 10.0.40219.1
Project("{FAE04EC0-301F-11D3-BF4B-00C04F79EFBC}") = "Aofeng", "Aofeng\Aofeng.csproj", "{1C8803D8-B228-4FE2-A343-644AE4CA7674}"
EndProject
Project("{2150E333-8FDC-42A3-9474-1A3956D46DE8}") = "Library", "Library", "{73C84D10-8466-4294-8794-832D2E603F4D}"
EndProject
Project("{FAE04EC0-301F-11D3-BF4B-00C04F79EFBC}") = "Oaww.DAL", "..\..\..\00_共用\Oaww.DAL\oaww.DAL\Oaww.DAL.csproj", "{CFCD4D8E-162D-45F7-9609-A18AB8085408}"
EndProject
Project("{FAE04EC0-301F-11D3-BF4B-00C04F79EFBC}") = "Oaww.BaseBusiness", "..\..\..\00_共用\Oaww.DAL\Oaww.BaseBusiness\Oaww.BaseBusiness.csproj", "{F613D78C-1B1C-4691-A522-F109EC877B8E}"
EndProject
Project("{FAE04EC0-301F-11D3-BF4B-00C04F79EFBC}") = "Oaww.Entity", "..\..\..\00_共用\Oaww.Entity\Oaww.Entity.csproj", "{1FA2D81B-E3E7-48CE-B998-A15C4078B276}"
EndProject
Project("{FAE04EC0-301F-11D3-BF4B-00C04F79EFBC}") = "Oaww.Filter", "..\..\..\00_共用\Oaww.Filter\Oaww.Filter.csproj", "{BEA6D9C4-2A6A-4AF7-98DF-412008E6E3DE}"
EndProject
Project("{FAE04EC0-301F-11D3-BF4B-00C04F79EFBC}") = "Oaww.HtmlHelp", "..\..\..\00_共用\Oaww.HtmlHelp\Oaww.HtmlHelp.csproj", "{A1EFA375-FD2A-4AA4-8565-FA007CF5C7E0}"
EndProject
Project("{FAE04EC0-301F-11D3-BF4B-00C04F79EFBC}") = "Oaww.Utility", "..\..\..\00_共用\Oaww.Utility\Oaww.Utility.csproj", "{7966915A-D5AB-469E-AB5C-2DA1A28E0030}"
EndProject
Project("{FAE04EC0-301F-11D3-BF4B-00C04F79EFBC}") = "Oaww.ViewModel", "..\..\..\00_共用\Oaww.ViewModel\Oaww.ViewModel.csproj", "{BB63215C-FD29-4CCD-AAD0-F8AD19BF6EA3}"
EndProject
Project("{FAE04EC0-301F-11D3-BF4B-00C04F79EFBC}") = "webadmin", "..\..\..\00_共用\webadmin\webadmin.csproj", "{88605A0C-1835-4FE3-950E-48911C681FC7}"
EndProject
Project("{FAE04EC0-301F-11D3-BF4B-00C04F79EFBC}") = "Oaww.Business", "..\..\..\00_共用\Oaww.Business\Oaww.Business.csproj", "{FAF751FB-DB33-4A7F-9E47-38AA9A75BAEE}"
EndProject
Global
	GlobalSection(SolutionConfigurationPlatforms) = preSolution
		Debug|Any CPU = Debug|Any CPU
		Release|Any CPU = Release|Any CPU
	EndGlobalSection
	GlobalSection(ProjectConfigurationPlatforms) = postSolution
		{1C8803D8-B228-4FE2-A343-644AE4CA7674}.Debug|Any CPU.ActiveCfg = Debug|Any CPU
		{1C8803D8-B228-4FE2-A343-644AE4CA7674}.Debug|Any CPU.Build.0 = Debug|Any CPU
		{1C8803D8-B228-4FE2-A343-644AE4CA7674}.Release|Any CPU.ActiveCfg = Release|Any CPU
		{1C8803D8-B228-4FE2-A343-644AE4CA7674}.Release|Any CPU.Build.0 = Release|Any CPU
		{CFCD4D8E-162D-45F7-9609-A18AB8085408}.Debug|Any CPU.ActiveCfg = Debug|Any CPU
		{CFCD4D8E-162D-45F7-9609-A18AB8085408}.Debug|Any CPU.Build.0 = Debug|Any CPU
		{CFCD4D8E-162D-45F7-9609-A18AB8085408}.Release|Any CPU.ActiveCfg = Release|Any CPU
		{CFCD4D8E-162D-45F7-9609-A18AB8085408}.Release|Any CPU.Build.0 = Release|Any CPU
		{F613D78C-1B1C-4691-A522-F109EC877B8E}.Debug|Any CPU.ActiveCfg = Debug|Any CPU
		{F613D78C-1B1C-4691-A522-F109EC877B8E}.Debug|Any CPU.Build.0 = Debug|Any CPU
		{F613D78C-1B1C-4691-A522-F109EC877B8E}.Release|Any CPU.ActiveCfg = Release|Any CPU
		{F613D78C-1B1C-4691-A522-F109EC877B8E}.Release|Any CPU.Build.0 = Release|Any CPU
		{1FA2D81B-E3E7-48CE-B998-A15C4078B276}.Debug|Any CPU.ActiveCfg = Debug|Any CPU
		{1FA2D81B-E3E7-48CE-B998-A15C4078B276}.Debug|Any CPU.Build.0 = Debug|Any CPU
		{1FA2D81B-E3E7-48CE-B998-A15C4078B276}.Release|Any CPU.ActiveCfg = Release|Any CPU
		{1FA2D81B-E3E7-48CE-B998-A15C4078B276}.Release|Any CPU.Build.0 = Release|Any CPU
		{BEA6D9C4-2A6A-4AF7-98DF-412008E6E3DE}.Debug|Any CPU.ActiveCfg = Debug|Any CPU
		{BEA6D9C4-2A6A-4AF7-98DF-412008E6E3DE}.Debug|Any CPU.Build.0 = Debug|Any CPU
		{BEA6D9C4-2A6A-4AF7-98DF-412008E6E3DE}.Release|Any CPU.ActiveCfg = Release|Any CPU
		{BEA6D9C4-2A6A-4AF7-98DF-412008E6E3DE}.Release|Any CPU.Build.0 = Release|Any CPU
		{A1EFA375-FD2A-4AA4-8565-FA007CF5C7E0}.Debug|Any CPU.ActiveCfg = Debug|Any CPU
		{A1EFA375-FD2A-4AA4-8565-FA007CF5C7E0}.Debug|Any CPU.Build.0 = Debug|Any CPU
		{A1EFA375-FD2A-4AA4-8565-FA007CF5C7E0}.Release|Any CPU.ActiveCfg = Release|Any CPU
		{A1EFA375-FD2A-4AA4-8565-FA007CF5C7E0}.Release|Any CPU.Build.0 = Release|Any CPU
		{7966915A-D5AB-469E-AB5C-2DA1A28E0030}.Debug|Any CPU.ActiveCfg = Debug|Any CPU
		{7966915A-D5AB-469E-AB5C-2DA1A28E0030}.Debug|Any CPU.Build.0 = Debug|Any CPU
		{7966915A-D5AB-469E-AB5C-2DA1A28E0030}.Release|Any CPU.ActiveCfg = Release|Any CPU
		{7966915A-D5AB-469E-AB5C-2DA1A28E0030}.Release|Any CPU.Build.0 = Release|Any CPU
		{BB63215C-FD29-4CCD-AAD0-F8AD19BF6EA3}.Debug|Any CPU.ActiveCfg = Debug|Any CPU
		{BB63215C-FD29-4CCD-AAD0-F8AD19BF6EA3}.Debug|Any CPU.Build.0 = Debug|Any CPU
		{BB63215C-FD29-4CCD-AAD0-F8AD19BF6EA3}.Release|Any CPU.ActiveCfg = Release|Any CPU
		{BB63215C-FD29-4CCD-AAD0-F8AD19BF6EA3}.Release|Any CPU.Build.0 = Release|Any CPU
		{88605A0C-1835-4FE3-950E-48911C681FC7}.Debug|Any CPU.ActiveCfg = Debug|Any CPU
		{88605A0C-1835-4FE3-950E-48911C681FC7}.Debug|Any CPU.Build.0 = Debug|Any CPU
		{88605A0C-1835-4FE3-950E-48911C681FC7}.Release|Any CPU.ActiveCfg = Release|Any CPU
		{88605A0C-1835-4FE3-950E-48911C681FC7}.Release|Any CPU.Build.0 = Release|Any CPU
		{FAF751FB-DB33-4A7F-9E47-38AA9A75BAEE}.Debug|Any CPU.ActiveCfg = Debug|Any CPU
		{FAF751FB-DB33-4A7F-9E47-38AA9A75BAEE}.Debug|Any CPU.Build.0 = Debug|Any CPU
		{FAF751FB-DB33-4A7F-9E47-38AA9A75BAEE}.Release|Any CPU.ActiveCfg = Release|Any CPU
		{FAF751FB-DB33-4A7F-9E47-38AA9A75BAEE}.Release|Any CPU.Build.0 = Release|Any CPU
	EndGlobalSection
	GlobalSection(SolutionProperties) = preSolution
		HideSolutionNode = FALSE
	EndGlobalSection
	GlobalSection(NestedProjects) = preSolution
		{CFCD4D8E-162D-45F7-9609-A18AB8085408} = {73C84D10-8466-4294-8794-832D2E603F4D}
		{F613D78C-1B1C-4691-A522-F109EC877B8E} = {73C84D10-8466-4294-8794-832D2E603F4D}
		{1FA2D81B-E3E7-48CE-B998-A15C4078B276} = {73C84D10-8466-4294-8794-832D2E603F4D}
		{BEA6D9C4-2A6A-4AF7-98DF-412008E6E3DE} = {73C84D10-8466-4294-8794-832D2E603F4D}
		{A1EFA375-FD2A-4AA4-8565-FA007CF5C7E0} = {73C84D10-8466-4294-8794-832D2E603F4D}
		{7966915A-D5AB-469E-AB5C-2DA1A28E0030} = {73C84D10-8466-4294-8794-832D2E603F4D}
		{BB63215C-FD29-4CCD-AAD0-F8AD19BF6EA3} = {73C84D10-8466-4294-8794-832D2E603F4D}
		{FAF751FB-DB33-4A7F-9E47-38AA9A75BAEE} = {73C84D10-8466-4294-8794-832D2E603F4D}
	EndGlobalSection
	GlobalSection(ExtensibilityGlobals) = postSolution
		SolutionGuid = {DF2D9254-D4A2-416C-9D55-CE9B11B0C439}
	EndGlobalSection
EndGlobal
